
Microsoft Visual Studio Solution File, Format Version 12.00
# Visual Studio Version 17
VisualStudioVersion = 17.0.31903.59
MinimumVisualStudioVersion = 10.0.40219.1
Project("{FAE04EC0-301F-11D3-BF4B-00C04F79EFBC}") = "MediaMinder.Common", "MediaMinder.Common\MediaMinder.Common.csproj", "{022E6574-728C-4FC5-A586-896F550BFCD2}"
EndProject
Project("{FAE04EC0-301F-11D3-BF4B-00C04F79EFBC}") = "MediaMinder.Service", "MediaMinder.Service\MediaMinder.Service.csproj", "{FEEC1208-303E-43D9-AC8A-6AB592F2A3A8}"
EndProject
Project("{FAE04EC0-301F-11D3-BF4B-00C04F79EFBC}") = "MediaMinder.UI", "MediaMinder.UI\MediaMinder.UI.csproj", "{64751BBE-EDC7-494E-BA7D-9BAF5EE24DA8}"
EndProject
Global
	GlobalSection(SolutionConfigurationPlatforms) = preSolution
		Debug|Any CPU = Debug|Any CPU
		Debug|x64 = Debug|x64
		Debug|x86 = Debug|x86
		Release|Any CPU = Release|Any CPU
		Release|x64 = Release|x64
		Release|x86 = Release|x86
	EndGlobalSection
	GlobalSection(ProjectConfigurationPlatforms) = postSolution
		{022E6574-728C-4FC5-A586-896F550BFCD2}.Debug|Any CPU.ActiveCfg = Debug|Any CPU
		{022E6574-728C-4FC5-A586-896F550BFCD2}.Debug|Any CPU.Build.0 = Debug|Any CPU
		{022E6574-728C-4FC5-A586-896F550BFCD2}.Debug|x64.ActiveCfg = Debug|Any CPU
		{022E6574-728C-4FC5-A586-896F550BFCD2}.Debug|x64.Build.0 = Debug|Any CPU
		{022E6574-728C-4FC5-A586-896F550BFCD2}.Debug|x86.ActiveCfg = Debug|Any CPU
		{022E6574-728C-4FC5-A586-896F550BFCD2}.Debug|x86.Build.0 = Debug|Any CPU
		{022E6574-728C-4FC5-A586-896F550BFCD2}.Release|Any CPU.ActiveCfg = Release|Any CPU
		{022E6574-728C-4FC5-A586-896F550BFCD2}.Release|Any CPU.Build.0 = Release|Any CPU
		{022E6574-728C-4FC5-A586-896F550BFCD2}.Release|x64.ActiveCfg = Release|Any CPU
		{022E6574-728C-4FC5-A586-896F550BFCD2}.Release|x64.Build.0 = Release|Any CPU
		{022E6574-728C-4FC5-A586-896F550BFCD2}.Release|x86.ActiveCfg = Release|Any CPU
		{022E6574-728C-4FC5-A586-896F550BFCD2}.Release|x86.Build.0 = Release|Any CPU
		{FEEC1208-303E-43D9-AC8A-6AB592F2A3A8}.Debug|Any CPU.ActiveCfg = Debug|Any CPU
		{FEEC1208-303E-43D9-AC8A-6AB592F2A3A8}.Debug|Any CPU.Build.0 = Debug|Any CPU
		{FEEC1208-303E-43D9-AC8A-6AB592F2A3A8}.Debug|x64.ActiveCfg = Debug|Any CPU
		{FEEC1208-303E-43D9-AC8A-6AB592F2A3A8}.Debug|x64.Build.0 = Debug|Any CPU
		{FEEC1208-303E-43D9-AC8A-6AB592F2A3A8}.Debug|x86.ActiveCfg = Debug|Any CPU
		{FEEC1208-303E-43D9-AC8A-6AB592F2A3A8}.Debug|x86.Build.0 = Debug|Any CPU
		{FEEC1208-303E-43D9-AC8A-6AB592F2A3A8}.Release|Any CPU.ActiveCfg = Release|Any CPU
		{FEEC1208-303E-43D9-AC8A-6AB592F2A3A8}.Release|Any CPU.Build.0 = Release|Any CPU
		{FEEC1208-303E-43D9-AC8A-6AB592F2A3A8}.Release|x64.ActiveCfg = Release|Any CPU
		{FEEC1208-303E-43D9-AC8A-6AB592F2A3A8}.Release|x64.Build.0 = Release|Any CPU
		{FEEC1208-303E-43D9-AC8A-6AB592F2A3A8}.Release|x86.ActiveCfg = Release|Any CPU
		{FEEC1208-303E-43D9-AC8A-6AB592F2A3A8}.Release|x86.Build.0 = Release|Any CPU
		{64751BBE-EDC7-494E-BA7D-9BAF5EE24DA8}.Debug|Any CPU.ActiveCfg = Debug|Any CPU
		{64751BBE-EDC7-494E-BA7D-9BAF5EE24DA8}.Debug|Any CPU.Build.0 = Debug|Any CPU
		{64751BBE-EDC7-494E-BA7D-9BAF5EE24DA8}.Debug|x64.ActiveCfg = Debug|Any CPU
		{64751BBE-EDC7-494E-BA7D-9BAF5EE24DA8}.Debug|x64.Build.0 = Debug|Any CPU
		{64751BBE-EDC7-494E-BA7D-9BAF5EE24DA8}.Debug|x86.ActiveCfg = Debug|Any CPU
		{64751BBE-EDC7-494E-BA7D-9BAF5EE24DA8}.Debug|x86.Build.0 = Debug|Any CPU
		{64751BBE-EDC7-494E-BA7D-9BAF5EE24DA8}.Release|Any CPU.ActiveCfg = Release|Any CPU
		{64751BBE-EDC7-494E-BA7D-9BAF5EE24DA8}.Release|Any CPU.Build.0 = Release|Any CPU
		{64751BBE-EDC7-494E-BA7D-9BAF5EE24DA8}.Release|x64.ActiveCfg = Release|Any CPU
		{64751BBE-EDC7-494E-BA7D-9BAF5EE24DA8}.Release|x64.Build.0 = Release|Any CPU
		{64751BBE-EDC7-494E-BA7D-9BAF5EE24DA8}.Release|x86.ActiveCfg = Release|Any CPU
		{64751BBE-EDC7-494E-BA7D-9BAF5EE24DA8}.Release|x86.Build.0 = Release|Any CPU
	EndGlobalSection
	GlobalSection(SolutionProperties) = preSolution
		HideSolutionNode = FALSE
	EndGlobalSection
EndGlobal
